
Microsoft Visual Studio Solution File, Format Version 12.00
# Visual Studio Version 17
VisualStudioVersion = 17.8.34525.116
MinimumVisualStudioVersion = 10.0.40219.1
Project("{FAE04EC0-301F-11D3-BF4B-00C04F79EFBC}") = "Ahmed Mahmoud OOP", "Ahmed Mahmoud OOP.csproj", "{F83F900B-07EC-46A5-A4ED-833E1E903E72}"
EndProject
Global
	GlobalSection(SolutionConfigurationPlatforms) = preSolution
		Debug|Any CPU = Debug|Any CPU
		Release|Any CPU = Release|Any CPU
	EndGlobalSection
	GlobalSection(ProjectConfigurationPlatforms) = postSolution
		{F83F900B-07EC-46A5-A4ED-833E1E903E72}.Debug|Any CPU.ActiveCfg = Debug|Any CPU
		{F83F900B-07EC-46A5-A4ED-833E1E903E72}.Debug|Any CPU.Build.0 = Debug|Any CPU
		{F83F900B-07EC-46A5-A4ED-833E1E903E72}.Release|Any CPU.ActiveCfg = Release|Any CPU
		{F83F900B-07EC-46A5-A4ED-833E1E903E72}.Release|Any CPU.Build.0 = Release|Any CPU
	EndGlobalSection
	GlobalSection(SolutionProperties) = preSolution
		HideSolutionNode = FALSE
	EndGlobalSection
	GlobalSection(ExtensibilityGlobals) = postSolution
		SolutionGuid = {DCF6BDFC-B70B-4498-9E1E-6D95782D2C18}
	EndGlobalSection
EndGlobal
